
Microsoft Visual Studio Solution File, Format Version 12.00
# Visual Studio Version 16
VisualStudioVersion = 16.0.31129.286
MinimumVisualStudioVersion = 10.0.40219.1
Project("{9A19103F-16F7-4668-BE54-9A1E7A4F7556}") = "calculating", "calculating\calculating.csproj", "{24F2E92D-AF18-41DD-9C51-19F3F4A9E74C}"
EndProject
Project("{FAE04EC0-301F-11D3-BF4B-00C04F79EFBC}") = "Test.test", "Test.test\Test.test.csproj", "{05A9BF67-D88C-4A36-A120-272A05E03828}"
EndProject
Global
	GlobalSection(SolutionConfigurationPlatforms) = preSolution
		Debug|Any CPU = Debug|Any CPU
		Release|Any CPU = Release|Any CPU
	EndGlobalSection
	GlobalSection(ProjectConfigurationPlatforms) = postSolution
		{24F2E92D-AF18-41DD-9C51-19F3F4A9E74C}.Debug|Any CPU.ActiveCfg = Debug|Any CPU
		{24F2E92D-AF18-41DD-9C51-19F3F4A9E74C}.Debug|Any CPU.Build.0 = Debug|Any CPU
		{24F2E92D-AF18-41DD-9C51-19F3F4A9E74C}.Release|Any CPU.ActiveCfg = Release|Any CPU
		{24F2E92D-AF18-41DD-9C51-19F3F4A9E74C}.Release|Any CPU.Build.0 = Release|Any CPU
		{05A9BF67-D88C-4A36-A120-272A05E03828}.Debug|Any CPU.ActiveCfg = Debug|Any CPU
		{05A9BF67-D88C-4A36-A120-272A05E03828}.Debug|Any CPU.Build.0 = Debug|Any CPU
		{05A9BF67-D88C-4A36-A120-272A05E03828}.Release|Any CPU.ActiveCfg = Release|Any CPU
		{05A9BF67-D88C-4A36-A120-272A05E03828}.Release|Any CPU.Build.0 = Release|Any CPU
	EndGlobalSection
	GlobalSection(SolutionProperties) = preSolution
		HideSolutionNode = FALSE
	EndGlobalSection
	GlobalSection(ExtensibilityGlobals) = postSolution
		SolutionGuid = {59AE79A9-ADDA-4758-94CE-872CF12A364F}
	EndGlobalSection
EndGlobal
